// !$*UTF8*$!
{
	archiveVersion = 1;
	classes = {
	};
	objectVersion = 50;
	objects = {

/* Begin PBXBuildFile section */
		9F050CCF207783CD0099A266 /* AppDelegate.swift in Sources */ = {isa = PBXBuildFile; fileRef = 9F050CCE207783CD0099A266 /* AppDelegate.swift */; };
		9F050CD1207783CD0099A266 /* ViewController.swift in Sources */ = {isa = PBXBuildFile; fileRef = 9F050CD0207783CD0099A266 /* ViewController.swift */; };
		9F050CD4207783CD0099A266 /* Main.storyboard in Resources */ = {isa = PBXBuildFile; fileRef = 9F050CD2207783CD0099A266 /* Main.storyboard */; };
		9F050CD6207783CF0099A266 /* Assets.xcassets in Resources */ = {isa = PBXBuildFile; fileRef = 9F050CD5207783CF0099A266 /* Assets.xcassets */; };
		9F050CD9207783CF0099A266 /* LaunchScreen.storyboard in Resources */ = {isa = PBXBuildFile; fileRef = 9F050CD7207783CF0099A266 /* LaunchScreen.storyboard */; };
		9F050CE2207784560099A266 /* CommandCenter.swift in Sources */ = {isa = PBXBuildFile; fileRef = 9F050CE1207784560099A266 /* CommandCenter.swift */; };
		9F050CE5207785470099A266 /* BuildingProtocol.swift in Sources */ = {isa = PBXBuildFile; fileRef = 9F050CE4207785470099A266 /* BuildingProtocol.swift */; };
		9F050CE7207785700099A266 /* Unit.swift in Sources */ = {isa = PBXBuildFile; fileRef = 9F050CE6207785700099A266 /* Unit.swift */; };
		9F050CE9207787C20099A266 /* BuildingDelegate.swift in Sources */ = {isa = PBXBuildFile; fileRef = 9F050CE8207787C20099A266 /* BuildingDelegate.swift */; };
		9F050CEB2077CA860099A266 /* Cost.swift in Sources */ = {isa = PBXBuildFile; fileRef = 9F050CEA2077CA860099A266 /* Cost.swift */; };
/* End PBXBuildFile section */

/* Begin PBXFileReference section */
		9F050CCB207783CD0099A266 /* DelegatePattern.app */ = {isa = PBXFileReference; explicitFileType = wrapper.application; includeInIndex = 0; path = DelegatePattern.app; sourceTree = BUILT_PRODUCTS_DIR; };
		9F050CCE207783CD0099A266 /* AppDelegate.swift */ = {isa = PBXFileReference; lastKnownFileType = sourcecode.swift; path = AppDelegate.swift; sourceTree = "<group>"; };
		9F050CD0207783CD0099A266 /* ViewController.swift */ = {isa = PBXFileReference; lastKnownFileType = sourcecode.swift; path = ViewController.swift; sourceTree = "<group>"; };
		9F050CD3207783CD0099A266 /* Base */ = {isa = PBXFileReference; lastKnownFileType = file.storyboard; name = Base; path = Base.lproj/Main.storyboard; sourceTree = "<group>"; };
		9F050CD5207783CF0099A266 /* Assets.xcassets */ = {isa = PBXFileReference; lastKnownFileType = folder.assetcatalog; path = Assets.xcassets; sourceTree = "<group>"; };
		9F050CD8207783CF0099A266 /* Base */ = {isa = PBXFileReference; lastKnownFileType = file.storyboard; name = Base; path = Base.lproj/LaunchScreen.storyboard; sourceTree = "<group>"; };
		9F050CDA207783CF0099A266 /* Info.plist */ = {isa = PBXFileReference; lastKnownFileType = text.plist.xml; path = Info.plist; sourceTree = "<group>"; };
		9F050CE1207784560099A266 /* CommandCenter.swift */ = {isa = PBXFileReference; lastKnownFileType = sourcecode.swift; path = CommandCenter.swift; sourceTree = "<group>"; };
		9F050CE4207785470099A266 /* BuildingProtocol.swift */ = {isa = PBXFileReference; lastKnownFileType = sourcecode.swift; path = BuildingProtocol.swift; sourceTree = "<group>"; };
		9F050CE6207785700099A266 /* Unit.swift */ = {isa = PBXFileReference; lastKnownFileType = sourcecode.swift; path = Unit.swift; sourceTree = "<group>"; };
		9F050CE8207787C20099A266 /* BuildingDelegate.swift */ = {isa = PBXFileReference; lastKnownFileType = sourcecode.swift; path = BuildingDelegate.swift; sourceTree = "<group>"; };
		9F050CEA2077CA860099A266 /* Cost.swift */ = {isa = PBXFileReference; lastKnownFileType = sourcecode.swift; path = Cost.swift; sourceTree = "<group>"; };
/* End PBXFileReference section */

/* Begin PBXFrameworksBuildPhase section */
		9F050CC8207783CD0099A266 /* Frameworks */ = {
			isa = PBXFrameworksBuildPhase;
			buildActionMask = 2147483647;
			files = (
			);
			runOnlyForDeploymentPostprocessing = 0;
		};
/* End PBXFrameworksBuildPhase section */

/* Begin PBXGroup section */
		9F050CC2207783CD0099A266 = {
			isa = PBXGroup;
			children = (
				9F050CCD207783CD0099A266 /* DelegatePattern */,
				9F050CCC207783CD0099A266 /* Products */,
			);
			sourceTree = "<group>";
		};
		9F050CCC207783CD0099A266 /* Products */ = {
			isa = PBXGroup;
			children = (
				9F050CCB207783CD0099A266 /* DelegatePattern.app */,
			);
			name = Products;
			sourceTree = "<group>";
		};
		9F050CCD207783CD0099A266 /* DelegatePattern */ = {
			isa = PBXGroup;
			children = (
				9F050CE32077851B0099A266 /* Protocols */,
				9F050CE0207784170099A266 /* Models */,
				9F050CCE207783CD0099A266 /* AppDelegate.swift */,
				9F050CD0207783CD0099A266 /* ViewController.swift */,
				9F050CD2207783CD0099A266 /* Main.storyboard */,
				9F050CD5207783CF0099A266 /* Assets.xcassets */,
				9F050CD7207783CF0099A266 /* LaunchScreen.storyboard */,
				9F050CDA207783CF0099A266 /* Info.plist */,
			);
			path = DelegatePattern;
			sourceTree = "<group>";
		};
		9F050CE0207784170099A266 /* Models */ = {
			isa = PBXGroup;
			children = (
				9F050CE1207784560099A266 /* CommandCenter.swift */,
				9F050CE6207785700099A266 /* Unit.swift */,
				9F050CEA2077CA860099A266 /* Cost.swift */,
			);
			path = Models;
			sourceTree = "<group>";
		};
		9F050CE32077851B0099A266 /* Protocols */ = {
			isa = PBXGroup;
			children = (
				9F050CE4207785470099A266 /* BuildingProtocol.swift */,
				9F050CE8207787C20099A266 /* BuildingDelegate.swift */,
			);
			path = Protocols;
			sourceTree = "<group>";
		};
/* End PBXGroup section */

/* Begin PBXNativeTarget section */
		9F050CCA207783CD0099A266 /* DelegatePattern */ = {
			isa = PBXNativeTarget;
			buildConfigurationList = 9F050CDD207783CF0099A266 /* Build configuration list for PBXNativeTarget "DelegatePattern" */;
			buildPhases = (
				9F050CC7207783CD0099A266 /* Sources */,
				9F050CC8207783CD0099A266 /* Frameworks */,
				9F050CC9207783CD0099A266 /* Resources */,
			);
			buildRules = (
			);
			dependencies = (
			);
			name = DelegatePattern;
			productName = DelegatePattern;
			productReference = 9F050CCB207783CD0099A266 /* DelegatePattern.app */;
			productType = "com.apple.product-type.application";
		};
/* End PBXNativeTarget section */

/* Begin PBXProject section */
		9F050CC3207783CD0099A266 /* Project object */ = {
			isa = PBXProject;
			attributes = {
				LastSwiftUpdateCheck = 0930;
				LastUpgradeCheck = 0930;
				ORGANIZATIONNAME = "Matt Roberts";
				TargetAttributes = {
					9F050CCA207783CD0099A266 = {
						CreatedOnToolsVersion = 9.3;
					};
				};
			};
			buildConfigurationList = 9F050CC6207783CD0099A266 /* Build configuration list for PBXProject "DelegatePattern" */;
			compatibilityVersion = "Xcode 9.3";
			developmentRegion = en;
			hasScannedForEncodings = 0;
			knownRegions = (
				en,
				Base,
			);
			mainGroup = 9F050CC2207783CD0099A266;
			productRefGroup = 9F050CCC207783CD0099A266 /* Products */;
			projectDirPath = "";
			projectRoot = "";
			targets = (
				9F050CCA207783CD0099A266 /* DelegatePattern */,
			);
		};
/* End PBXProject section */

/* Begin PBXResourcesBuildPhase section */
		9F050CC9207783CD0099A266 /* Resources */ = {
			isa = PBXResourcesBuildPhase;
			buildActionMask = 2147483647;
			files = (
				9F050CD9207783CF0099A266 /* LaunchScreen.storyboard in Resources */,
				9F050CD6207783CF0099A266 /* Assets.xcassets in Resources */,
				9F050CD4207783CD0099A266 /* Main.storyboard in Resources */,
			);
			runOnlyForDeploymentPostprocessing = 0;
		};
/* End PBXResourcesBuildPhase section */

/* Begin PBXSourcesBuildPhase section */
		9F050CC7207783CD0099A266 /* Sources */ = {
			isa = PBXSourcesBuildPhase;
			buildActionMask = 2147483647;
			files = (
				9F050CE7207785700099A266 /* Unit.swift in Sources */,
				9F050CD1207783CD0099A266 /* ViewController.swift in Sources */,
				9F050CE5207785470099A266 /* BuildingProtocol.swift in Sources */,
				9F050CE2207784560099A266 /* CommandCenter.swift in Sources */,
				9F050CE9207787C20099A266 /* BuildingDelegate.swift in Sources */,
				9F050CCF207783CD0099A266 /* AppDelegate.swift in Sources */,
				9F050CEB2077CA860099A266 /* Cost.swift in Sources */,
			);
			runOnlyForDeploymentPostprocessing = 0;
		};
/* End PBXSourcesBuildPhase section */

/* Begin PBXVariantGroup section */
		9F050CD2207783CD0099A266 /* Main.storyboard */ = {
			isa = PBXVariantGroup;
			children = (
				9F050CD3207783CD0099A266 /* Base */,
			);
			name = Main.storyboard;
			sourceTree = "<group>";
		};
		9F050CD7207783CF0099A266 /* LaunchScreen.storyboard */ = {
			isa = PBXVariantGroup;
			children = (
				9F050CD8207783CF0099A266 /* Base */,
			);
			name = LaunchScreen.storyboard;
			sourceTree = "<group>";
		};
/* End PBXVariantGroup section */

/* Begin XCBuildConfiguration section */
		9F050CDB207783CF0099A266 /* Debug */ = {
			isa = XCBuildConfiguration;
			buildSettings = {
				ALWAYS_SEARCH_USER_PATHS = NO;
				CLANG_ANALYZER_NONNULL = YES;
				CLANG_ANALYZER_NUMBER_OBJECT_CONVERSION = YES_AGGRESSIVE;
				CLANG_CXX_LANGUAGE_STANDARD = "gnu++14";
				CLANG_CXX_LIBRARY = "libc++";
				CLANG_ENABLE_MODULES = YES;
				CLANG_ENABLE_OBJC_ARC = YES;
				CLANG_ENABLE_OBJC_WEAK = YES;
				CLANG_WARN_BLOCK_CAPTURE_AUTORELEASING = YES;
				CLANG_WARN_BOOL_CONVERSION = YES;
				CLANG_WARN_COMMA = YES;
				CLANG_WARN_CONSTANT_CONVERSION = YES;
				CLANG_WARN_DEPRECATED_OBJC_IMPLEMENTATIONS = YES;
				CLANG_WARN_DIRECT_OBJC_ISA_USAGE = YES_ERROR;
				CLANG_WARN_DOCUMENTATION_COMMENTS = YES;
				CLANG_WARN_EMPTY_BODY = YES;
				CLANG_WARN_ENUM_CONVERSION = YES;
				CLANG_WARN_INFINITE_RECURSION = YES;
				CLANG_WARN_INT_CONVERSION = YES;
				CLANG_WARN_NON_LITERAL_NULL_CONVERSION = YES;
				CLANG_WARN_OBJC_IMPLICIT_RETAIN_SELF = YES;
				CLANG_WARN_OBJC_LITERAL_CONVERSION = YES;
				CLANG_WARN_OBJC_ROOT_CLASS = YES_ERROR;
				CLANG_WARN_RANGE_LOOP_ANALYSIS = YES;
				CLANG_WARN_STRICT_PROTOTYPES = YES;
				CLANG_WARN_SUSPICIOUS_MOVE = YES;
				CLANG_WARN_UNGUARDED_AVAILABILITY = YES_AGGRESSIVE;
				CLANG_WARN_UNREACHABLE_CODE = YES;
				CLANG_WARN__DUPLICATE_METHOD_MATCH = YES;
				CODE_SIGN_IDENTITY = "iPhone Developer";
				COPY_PHASE_STRIP = NO;
				DEBUG_INFORMATION_FORMAT = dwarf;
				ENABLE_STRICT_OBJC_MSGSEND = YES;
				ENABLE_TESTABILITY = YES;
				GCC_C_LANGUAGE_STANDARD = gnu11;
				GCC_DYNAMIC_NO_PIC = NO;
				GCC_NO_COMMON_BLOCKS = YES;
				GCC_OPTIMIZATION_LEVEL = 0;
				GCC_PREPROCESSOR_DEFINITIONS = (
					"DEBUG=1",
					"$(inherited)",
				);
				GCC_WARN_64_TO_32_BIT_CONVERSION = YES;
				GCC_WARN_ABOUT_RETURN_TYPE = YES_ERROR;
				GCC_WARN_UNDECLARED_SELECTOR = YES;
				GCC_WARN_UNINITIALIZED_AUTOS = YES_AGGRESSIVE;
				GCC_WARN_UNUSED_FUNCTION = YES;
				GCC_WARN_UNUSED_VARIABLE = YES;
				IPHONEOS_DEPLOYMENT_TARGET = 11.3;
				MTL_ENABLE_DEBUG_INFO = YES;
				ONLY_ACTIVE_ARCH = YES;
				SDKROOT = iphoneos;
				SWIFT_ACTIVE_COMPILATION_CONDITIONS = DEBUG;
				SWIFT_OPTIMIZATION_LEVEL = "-Onone";
			};
			name = Debug;
		};
		9F050CDC207783CF0099A266 /* Release */ = {
			isa = XCBuildConfiguration;
			buildSettings = {
				ALWAYS_SEARCH_USER_PATHS = NO;
				CLANG_ANALYZER_NONNULL = YES;
				CLANG_ANALYZER_NUMBER_OBJECT_CONVERSION = YES_AGGRESSIVE;
				CLANG_CXX_LANGUAGE_STANDARD = "gnu++14";
				CLANG_CXX_LIBRARY = "libc++";
				CLANG_ENABLE_MODULES = YES;
				CLANG_ENABLE_OBJC_ARC = YES;
				CLANG_ENABLE_OBJC_WEAK = YES;
				CLANG_WARN_BLOCK_CAPTURE_AUTORELEASING = YES;
				CLANG_WARN_BOOL_CONVERSION = YES;
				CLANG_WARN_COMMA = YES;
				CLANG_WARN_CONSTANT_CONVERSION = YES;
				CLANG_WARN_DEPRECATED_OBJC_IMPLEMENTATIONS = YES;
				CLANG_WARN_DIRECT_OBJC_ISA_USAGE = YES_ERROR;
				CLANG_WARN_DOCUMENTATION_COMMENTS = YES;
				CLANG_WARN_EMPTY_BODY = YES;
				CLANG_WARN_ENUM_CONVERSION = YES;
				CLANG_WARN_INFINITE_RECURSION = YES;
				CLANG_WARN_INT_CONVERSION = YES;
				CLANG_WARN_NON_LITERAL_NULL_CONVERSION = YES;
				CLANG_WARN_OBJC_IMPLICIT_RETAIN_SELF = YES;
				CLANG_WARN_OBJC_LITERAL_CONVERSION = YES;
				CLANG_WARN_OBJC_ROOT_CLASS = YES_ERROR;
				CLANG_WARN_RANGE_LOOP_ANALYSIS = YES;
				CLANG_WARN_STRICT_PROTOTYPES = YES;
				CLANG_WARN_SUSPICIOUS_MOVE = YES;
				CLANG_WARN_UNGUARDED_AVAILABILITY = YES_AGGRESSIVE;
				CLANG_WARN_UNREACHABLE_CODE = YES;
				CLANG_WARN__DUPLICATE_METHOD_MATCH = YES;
				CODE_SIGN_IDENTITY = "iPhone Developer";
				COPY_PHASE_STRIP = NO;
				DEBUG_INFORMATION_FORMAT = "dwarf-with-dsym";
				ENABLE_NS_ASSERTIONS = NO;
				ENABLE_STRICT_OBJC_MSGSEND = YES;
				GCC_C_LANGUAGE_STANDARD = gnu11;
				GCC_NO_COMMON_BLOCKS = YES;
				GCC_WARN_64_TO_32_BIT_CONVERSION = YES;
				GCC_WARN_ABOUT_RETURN_TYPE = YES_ERROR;
				GCC_WARN_UNDECLARED_SELECTOR = YES;
				GCC_WARN_UNINITIALIZED_AUTOS = YES_AGGRESSIVE;
				GCC_WARN_UNUSED_FUNCTION = YES;
				GCC_WARN_UNUSED_VARIABLE = YES;
				IPHONEOS_DEPLOYMENT_TARGET = 11.3;
				MTL_ENABLE_DEBUG_INFO = NO;
				SDKROOT = iphoneos;
				SWIFT_COMPILATION_MODE = wholemodule;
				SWIFT_OPTIMIZATION_LEVEL = "-O";
				VALIDATE_PRODUCT = YES;
			};
			name = Release;
		};
		9F050CDE207783CF0099A266 /* Debug */ = {
			isa = XCBuildConfiguration;
			buildSettings = {
				ASSETCATALOG_COMPILER_APPICON_NAME = AppIcon;
				CODE_SIGN_STYLE = Automatic;
				INFOPLIST_FILE = DelegatePattern/Info.plist;
				LD_RUNPATH_SEARCH_PATHS = (
					"$(inherited)",
					"@executable_path/Frameworks",
				);
				PRODUCT_BUNDLE_IDENTIFIER = com.example.DelegatePattern;
				PRODUCT_NAME = "$(TARGET_NAME)";
				SWIFT_VERSION = 4.0;
				TARGETED_DEVICE_FAMILY = "1,2";
			};
			name = Debug;
		};
		9F050CDF207783CF0099A266 /* Release */ = {
			isa = XCBuildConfiguration;
			buildSettings = {
				ASSETCATALOG_COMPILER_APPICON_NAME = AppIcon;
				CODE_SIGN_STYLE = Automatic;
				INFOPLIST_FILE = DelegatePattern/Info.plist;
				LD_RUNPATH_SEARCH_PATHS = (
					"$(inherited)",
					"@executable_path/Frameworks",
				);
				PRODUCT_BUNDLE_IDENTIFIER = com.example.DelegatePattern;
				PRODUCT_NAME = "$(TARGET_NAME)";
				SWIFT_VERSION = 4.0;
				TARGETED_DEVICE_FAMILY = "1,2";
			};
			name = Release;
		};
/* End XCBuildConfiguration section */

/* Begin XCConfigurationList section */
		9F050CC6207783CD0099A266 /* Build configuration list for PBXProject "DelegatePattern" */ = {
			isa = XCConfigurationList;
			buildConfigurations = (
				9F050CDB207783CF0099A266 /* Debug */,
				9F050CDC207783CF0099A266 /* Release */,
			);
			defaultConfigurationIsVisible = 0;
			defaultConfigurationName = Release;
		};
		9F050CDD207783CF0099A266 /* Build configuration list for PBXNativeTarget "DelegatePattern" */ = {
			isa = XCConfigurationList;
			buildConfigurations = (
				9F050CDE207783CF0099A266 /* Debug */,
				9F050CDF207783CF0099A266 /* Release */,
			);
			defaultConfigurationIsVisible = 0;
			defaultConfigurationName = Release;
		};
/* End XCConfigurationList section */
	};
	rootObject = 9F050CC3207783CD0099A266 /* Project object */;
}
